
Microsoft Visual Studio Solution File, Format Version 11.00
# Visual Studio 2010
Project("{FAE04EC0-301F-11D3-BF4B-00C04F79EFBC}") = "Assembly-CSharp", "Assembly-CSharp.csproj", "{C689B886-8C3A-396C-65B8-17402AA049EB}"
EndProject
Project("{FAE04EC0-301F-11D3-BF4B-00C04F79EFBC}") = "Assembly-CSharp-Editor", "Assembly-CSharp-Editor.csproj", "{A7405411-F6F8-FC34-28AA-5855E54A26BC}"
EndProject
Global
	GlobalSection(SolutionConfigurationPlatforms) = preSolution
		Debug|Any CPU = Debug|Any CPU
		Release|Any CPU = Release|Any CPU
	EndGlobalSection
	GlobalSection(ProjectConfigurationPlatforms) = postSolution
		{C689B886-8C3A-396C-65B8-17402AA049EB}.Debug|Any CPU.ActiveCfg = Debug|Any CPU
		{C689B886-8C3A-396C-65B8-17402AA049EB}.Debug|Any CPU.Build.0 = Debug|Any CPU
		{C689B886-8C3A-396C-65B8-17402AA049EB}.Release|Any CPU.ActiveCfg = Release|Any CPU
		{C689B886-8C3A-396C-65B8-17402AA049EB}.Release|Any CPU.Build.0 = Release|Any CPU
		{A7405411-F6F8-FC34-28AA-5855E54A26BC}.Debug|Any CPU.ActiveCfg = Debug|Any CPU
		{A7405411-F6F8-FC34-28AA-5855E54A26BC}.Debug|Any CPU.Build.0 = Debug|Any CPU
		{A7405411-F6F8-FC34-28AA-5855E54A26BC}.Release|Any CPU.ActiveCfg = Release|Any CPU
		{A7405411-F6F8-FC34-28AA-5855E54A26BC}.Release|Any CPU.Build.0 = Release|Any CPU
	EndGlobalSection
	GlobalSection(SolutionProperties) = preSolution
		HideSolutionNode = FALSE
	EndGlobalSection
	GlobalSection(MonoDevelopProperties) = preSolution
		StartupItem = Assembly-CSharp.csproj
	EndGlobalSection
EndGlobal
